
Microsoft Visual Studio Solution File, Format Version 12.00
# Visual Studio Version 17
VisualStudioVersion = 17.6.33829.357
MinimumVisualStudioVersion = 10.0.40219.1
Project("{8BC9CEB8-8B4A-11D0-8D11-00A0C91BC942}") = "virtualfunctions", "virtualfunctions\virtualfunctions.vcxproj", "{07BBEB6A-760A-4BB5-AB05-1B0A963203AC}"
EndProject
Global
	GlobalSection(SolutionConfigurationPlatforms) = preSolution
		Debug|x64 = Debug|x64
		Debug|x86 = Debug|x86
		Release|x64 = Release|x64
		Release|x86 = Release|x86
	EndGlobalSection
	GlobalSection(ProjectConfigurationPlatforms) = postSolution
		{07BBEB6A-760A-4BB5-AB05-1B0A963203AC}.Debug|x64.ActiveCfg = Debug|x64
		{07BBEB6A-760A-4BB5-AB05-1B0A963203AC}.Debug|x64.Build.0 = Debug|x64
		{07BBEB6A-760A-4BB5-AB05-1B0A963203AC}.Debug|x86.ActiveCfg = Debug|Win32
		{07BBEB6A-760A-4BB5-AB05-1B0A963203AC}.Debug|x86.Build.0 = Debug|Win32
		{07BBEB6A-760A-4BB5-AB05-1B0A963203AC}.Release|x64.ActiveCfg = Release|x64
		{07BBEB6A-760A-4BB5-AB05-1B0A963203AC}.Release|x64.Build.0 = Release|x64
		{07BBEB6A-760A-4BB5-AB05-1B0A963203AC}.Release|x86.ActiveCfg = Release|Win32
		{07BBEB6A-760A-4BB5-AB05-1B0A963203AC}.Release|x86.Build.0 = Release|Win32
	EndGlobalSection
	GlobalSection(SolutionProperties) = preSolution
		HideSolutionNode = FALSE
	EndGlobalSection
	GlobalSection(ExtensibilityGlobals) = postSolution
		SolutionGuid = {4ADE8B88-1694-4646-9245-7CC95C6A4472}
	EndGlobalSection
EndGlobal
